
Microsoft Visual Studio Solution File, Format Version 12.00
# Visual Studio Version 16
VisualStudioVersion = 16.0.31624.102
MinimumVisualStudioVersion = 10.0.40219.1
Project("{FAE04EC0-301F-11D3-BF4B-00C04F79EFBC}") = "mevzuuCafe", "mevzuuCafe\mevzuuCafe.csproj", "{2253F2C3-1A6E-4E48-849D-29C2C05A39F9}"
EndProject
Global
	GlobalSection(SolutionConfigurationPlatforms) = preSolution
		Debug|Any CPU = Debug|Any CPU
		Release|Any CPU = Release|Any CPU
	EndGlobalSection
	GlobalSection(ProjectConfigurationPlatforms) = postSolution
		{2253F2C3-1A6E-4E48-849D-29C2C05A39F9}.Debug|Any CPU.ActiveCfg = Debug|Any CPU
		{2253F2C3-1A6E-4E48-849D-29C2C05A39F9}.Debug|Any CPU.Build.0 = Debug|Any CPU
		{2253F2C3-1A6E-4E48-849D-29C2C05A39F9}.Release|Any CPU.ActiveCfg = Release|Any CPU
		{2253F2C3-1A6E-4E48-849D-29C2C05A39F9}.Release|Any CPU.Build.0 = Release|Any CPU
	EndGlobalSection
	GlobalSection(SolutionProperties) = preSolution
		HideSolutionNode = FALSE
	EndGlobalSection
	GlobalSection(ExtensibilityGlobals) = postSolution
		SolutionGuid = {F88346D5-10B9-4C39-A9EC-35FE8BDACE68}
	EndGlobalSection
EndGlobal
